// !$*UTF8*$!
{
	archiveVersion = 1;
	classes = {
	};
	objectVersion = 56;
	objects = {

/* Begin PBXBuildFile section */
		3A00B3D22A65B9FD00F1CA44 /* GraphGenerationService.swift in Sources */ = {isa = PBXBuildFile; fileRef = 3A00B3D12A65B9FD00F1CA44 /* GraphGenerationService.swift */; };
		3A2CD3522A5C83AB00D0F2F8 /* graph_max.xml in Resources */ = {isa = PBXBuildFile; fileRef = 3A2CD3512A5C83AB00D0F2F8 /* graph_max.xml */; };
		3A4022182A61B7B40073329E /* EdgesView.swift in Sources */ = {isa = PBXBuildFile; fileRef = 3A4022172A61B7B40073329E /* EdgesView.swift */; };
		3A91C5D52A5BF41E009D6D93 /* FractalianGrapshNavigatorApp.swift in Sources */ = {isa = PBXBuildFile; fileRef = 3A91C5D42A5BF41E009D6D93 /* FractalianGrapshNavigatorApp.swift */; };
		3A91C5D92A5BF420009D6D93 /* Assets.xcassets in Resources */ = {isa = PBXBuildFile; fileRef = 3A91C5D82A5BF420009D6D93 /* Assets.xcassets */; };
		3A91C5DD2A5BF420009D6D93 /* Preview Assets.xcassets in Resources */ = {isa = PBXBuildFile; fileRef = 3A91C5DC2A5BF420009D6D93 /* Preview Assets.xcassets */; };
		3A91C5E72A5BF421009D6D93 /* FractalianGrapshNavigatorTests.swift in Sources */ = {isa = PBXBuildFile; fileRef = 3A91C5E62A5BF421009D6D93 /* FractalianGrapshNavigatorTests.swift */; };
		3A91C6022A5BF468009D6D93 /* GraphView.swift in Sources */ = {isa = PBXBuildFile; fileRef = 3A91C6012A5BF468009D6D93 /* GraphView.swift */; };
		3A91C6052A5BF535009D6D93 /* SWXMLHash in Frameworks */ = {isa = PBXBuildFile; productRef = 3A91C6042A5BF535009D6D93 /* SWXMLHash */; };
		3A91C6072A5BF64F009D6D93 /* graph.xml in Resources */ = {isa = PBXBuildFile; fileRef = 3A91C6062A5BF64F009D6D93 /* graph.xml */; };
		3A9C7BE22A6662CB00741C73 /* ControlPanelView.swift in Sources */ = {isa = PBXBuildFile; fileRef = 3A9C7BE12A6662CB00741C73 /* ControlPanelView.swift */; };
		3A9C7BE42A6662E200741C73 /* NodeView.swift in Sources */ = {isa = PBXBuildFile; fileRef = 3A9C7BE32A6662E200741C73 /* NodeView.swift */; };
		3A9C7BE62A66631600741C73 /* NodeGroupView.swift in Sources */ = {isa = PBXBuildFile; fileRef = 3A9C7BE52A66631600741C73 /* NodeGroupView.swift */; };
		3A9C7BE82A66632E00741C73 /* ColumnGraphStackView.swift in Sources */ = {isa = PBXBuildFile; fileRef = 3A9C7BE72A66632E00741C73 /* ColumnGraphStackView.swift */; };
		3AEDB1112A6B32B700F638CD /* ZoomableContainer.swift in Sources */ = {isa = PBXBuildFile; fileRef = 3AEDB1102A6B32B700F638CD /* ZoomableContainer.swift */; };
		3AF17ADF2A6B02220057161E /* GraphFileService.swift in Sources */ = {isa = PBXBuildFile; fileRef = 3AF17ADE2A6B02220057161E /* GraphFileService.swift */; };
		3AF17AE12A6B029F0057161E /* GraphMapper.swift in Sources */ = {isa = PBXBuildFile; fileRef = 3AF17AE02A6B029F0057161E /* GraphMapper.swift */; };
		3AF17AE32A6B05260057161E /* GraphError.swift in Sources */ = {isa = PBXBuildFile; fileRef = 3AF17AE22A6B05260057161E /* GraphError.swift */; };
		3AFD330B2A648B9A001C1E3C /* Extensions.swift in Sources */ = {isa = PBXBuildFile; fileRef = 3AFD330A2A648B9A001C1E3C /* Extensions.swift */; };
		3AFD330D2A648BCB001C1E3C /* GraphModels.swift in Sources */ = {isa = PBXBuildFile; fileRef = 3AFD330C2A648BCB001C1E3C /* GraphModels.swift */; };
/* End PBXBuildFile section */

/* Begin PBXContainerItemProxy section */
		3A91C5E32A5BF421009D6D93 /* PBXContainerItemProxy */ = {
			isa = PBXContainerItemProxy;
			containerPortal = 3A91C5C92A5BF41E009D6D93 /* Project object */;
			proxyType = 1;
			remoteGlobalIDString = 3A91C5D02A5BF41E009D6D93;
			remoteInfo = FractalianGrapshNavigator;
		};
		3A91C5ED2A5BF421009D6D93 /* PBXContainerItemProxy */ = {
			isa = PBXContainerItemProxy;
			containerPortal = 3A91C5C92A5BF41E009D6D93 /* Project object */;
			proxyType = 1;
			remoteGlobalIDString = 3A91C5D02A5BF41E009D6D93;
			remoteInfo = FractalianGrapshNavigator;
		};
/* End PBXContainerItemProxy section */

/* Begin PBXFileReference section */
		3A009C432A5D325200ACC7C9 /* test_graph.xml */ = {isa = PBXFileReference; lastKnownFileType = text.xml; path = test_graph.xml; sourceTree = "<group>"; };
		3A009C452A5D38BF00ACC7C9 /* FractalianGrapshNavigator.xctestplan */ = {isa = PBXFileReference; lastKnownFileType = text; path = FractalianGrapshNavigator.xctestplan; sourceTree = SOURCE_ROOT; };
		3A00B3D12A65B9FD00F1CA44 /* GraphGenerationService.swift */ = {isa = PBXFileReference; lastKnownFileType = sourcecode.swift; path = GraphGenerationService.swift; sourceTree = "<group>"; };
		3A2CD3512A5C83AB00D0F2F8 /* graph_max.xml */ = {isa = PBXFileReference; fileEncoding = 4; lastKnownFileType = text.xml; path = graph_max.xml; sourceTree = "<group>"; };
		3A4022172A61B7B40073329E /* EdgesView.swift */ = {isa = PBXFileReference; lastKnownFileType = sourcecode.swift; path = EdgesView.swift; sourceTree = "<group>"; };
		3A91C5D12A5BF41E009D6D93 /* FractalianGrapshNavigator.app */ = {isa = PBXFileReference; explicitFileType = wrapper.application; includeInIndex = 0; path = FractalianGrapshNavigator.app; sourceTree = BUILT_PRODUCTS_DIR; };
		3A91C5D42A5BF41E009D6D93 /* FractalianGrapshNavigatorApp.swift */ = {isa = PBXFileReference; lastKnownFileType = sourcecode.swift; path = FractalianGrapshNavigatorApp.swift; sourceTree = "<group>"; };
		3A91C5D82A5BF420009D6D93 /* Assets.xcassets */ = {isa = PBXFileReference; lastKnownFileType = folder.assetcatalog; path = Assets.xcassets; sourceTree = "<group>"; };
		3A91C5DA2A5BF420009D6D93 /* FractalianGrapshNavigator.entitlements */ = {isa = PBXFileReference; lastKnownFileType = text.plist.entitlements; path = FractalianGrapshNavigator.entitlements; sourceTree = "<group>"; };
		3A91C5DC2A5BF420009D6D93 /* Preview Assets.xcassets */ = {isa = PBXFileReference; lastKnownFileType = folder.assetcatalog; path = "Preview Assets.xcassets"; sourceTree = "<group>"; };
		3A91C5E22A5BF421009D6D93 /* FractalianGrapshNavigatorTests.xctest */ = {isa = PBXFileReference; explicitFileType = wrapper.cfbundle; includeInIndex = 0; path = FractalianGrapshNavigatorTests.xctest; sourceTree = BUILT_PRODUCTS_DIR; };
		3A91C5E62A5BF421009D6D93 /* FractalianGrapshNavigatorTests.swift */ = {isa = PBXFileReference; lastKnownFileType = sourcecode.swift; path = FractalianGrapshNavigatorTests.swift; sourceTree = "<group>"; };
		3A91C5EC2A5BF421009D6D93 /* FractalianGrapshNavigatorUITests.xctest */ = {isa = PBXFileReference; explicitFileType = wrapper.cfbundle; includeInIndex = 0; path = FractalianGrapshNavigatorUITests.xctest; sourceTree = BUILT_PRODUCTS_DIR; };
		3A91C6012A5BF468009D6D93 /* GraphView.swift */ = {isa = PBXFileReference; lastKnownFileType = sourcecode.swift; path = GraphView.swift; sourceTree = "<group>"; };
		3A91C6062A5BF64F009D6D93 /* graph.xml */ = {isa = PBXFileReference; lastKnownFileType = text.xml; path = graph.xml; sourceTree = "<group>"; };
		3A9C7BE12A6662CB00741C73 /* ControlPanelView.swift */ = {isa = PBXFileReference; lastKnownFileType = sourcecode.swift; path = ControlPanelView.swift; sourceTree = "<group>"; };
		3A9C7BE32A6662E200741C73 /* NodeView.swift */ = {isa = PBXFileReference; lastKnownFileType = sourcecode.swift; path = NodeView.swift; sourceTree = "<group>"; };
		3A9C7BE52A66631600741C73 /* NodeGroupView.swift */ = {isa = PBXFileReference; lastKnownFileType = sourcecode.swift; path = NodeGroupView.swift; sourceTree = "<group>"; };
		3A9C7BE72A66632E00741C73 /* ColumnGraphStackView.swift */ = {isa = PBXFileReference; lastKnownFileType = sourcecode.swift; path = ColumnGraphStackView.swift; sourceTree = "<group>"; };
		3AEDB1102A6B32B700F638CD /* ZoomableContainer.swift */ = {isa = PBXFileReference; lastKnownFileType = sourcecode.swift; path = ZoomableContainer.swift; sourceTree = "<group>"; };
		3AF17ADE2A6B02220057161E /* GraphFileService.swift */ = {isa = PBXFileReference; lastKnownFileType = sourcecode.swift; path = GraphFileService.swift; sourceTree = "<group>"; };
		3AF17AE02A6B029F0057161E /* GraphMapper.swift */ = {isa = PBXFileReference; lastKnownFileType = sourcecode.swift; path = GraphMapper.swift; sourceTree = "<group>"; };
		3AF17AE22A6B05260057161E /* GraphError.swift */ = {isa = PBXFileReference; lastKnownFileType = sourcecode.swift; path = GraphError.swift; sourceTree = "<group>"; };
		3AFD330A2A648B9A001C1E3C /* Extensions.swift */ = {isa = PBXFileReference; lastKnownFileType = sourcecode.swift; path = Extensions.swift; sourceTree = "<group>"; };
		3AFD330C2A648BCB001C1E3C /* GraphModels.swift */ = {isa = PBXFileReference; lastKnownFileType = sourcecode.swift; path = GraphModels.swift; sourceTree = "<group>"; };
/* End PBXFileReference section */

/* Begin PBXFrameworksBuildPhase section */
		3A91C5CE2A5BF41E009D6D93 /* Frameworks */ = {
			isa = PBXFrameworksBuildPhase;
			buildActionMask = 2147483647;
			files = (
				3A91C6052A5BF535009D6D93 /* SWXMLHash in Frameworks */,
			);
			runOnlyForDeploymentPostprocessing = 0;
		};
		3A91C5DF2A5BF421009D6D93 /* Frameworks */ = {
			isa = PBXFrameworksBuildPhase;
			buildActionMask = 2147483647;
			files = (
			);
			runOnlyForDeploymentPostprocessing = 0;
		};
		3A91C5E92A5BF421009D6D93 /* Frameworks */ = {
			isa = PBXFrameworksBuildPhase;
			buildActionMask = 2147483647;
			files = (
			);
			runOnlyForDeploymentPostprocessing = 0;
		};
/* End PBXFrameworksBuildPhase section */

/* Begin PBXGroup section */
		3A91C5C82A5BF41E009D6D93 = {
			isa = PBXGroup;
			children = (
				3A91C5D32A5BF41E009D6D93 /* FractalianGrapshNavigator */,
				3A91C5E52A5BF421009D6D93 /* FractalianGrapshNavigatorTests */,
				3A91C5D22A5BF41E009D6D93 /* Products */,
			);
			sourceTree = "<group>";
		};
		3A91C5D22A5BF41E009D6D93 /* Products */ = {
			isa = PBXGroup;
			children = (
				3A91C5D12A5BF41E009D6D93 /* FractalianGrapshNavigator.app */,
				3A91C5E22A5BF421009D6D93 /* FractalianGrapshNavigatorTests.xctest */,
				3A91C5EC2A5BF421009D6D93 /* FractalianGrapshNavigatorUITests.xctest */,
			);
			name = Products;
			sourceTree = "<group>";
		};
		3A91C5D32A5BF41E009D6D93 /* FractalianGrapshNavigator */ = {
			isa = PBXGroup;
			children = (
				3A9C7BEB2A66639000741C73 /* Graphs */,
				3A9C7BEA2A66637900741C73 /* Resources */,
				3A91C5D42A5BF41E009D6D93 /* FractalianGrapshNavigatorApp.swift */,
				3AEDB1102A6B32B700F638CD /* ZoomableContainer.swift */,
				3A91C6012A5BF468009D6D93 /* GraphView.swift */,
				3AF17AE02A6B029F0057161E /* GraphMapper.swift */,
				3A9C7BE92A66635800741C73 /* Views */,
				3AFD330A2A648B9A001C1E3C /* Extensions.swift */,
				3AFD330C2A648BCB001C1E3C /* GraphModels.swift */,
				3A00B3D12A65B9FD00F1CA44 /* GraphGenerationService.swift */,
				3AF17ADE2A6B02220057161E /* GraphFileService.swift */,
				3AF17AE22A6B05260057161E /* GraphError.swift */,
			);
			path = FractalianGrapshNavigator;
			sourceTree = "<group>";
		};
		3A91C5DB2A5BF420009D6D93 /* Preview Content */ = {
			isa = PBXGroup;
			children = (
				3A91C5DC2A5BF420009D6D93 /* Preview Assets.xcassets */,
			);
			path = "Preview Content";
			sourceTree = "<group>";
		};
		3A91C5E52A5BF421009D6D93 /* FractalianGrapshNavigatorTests */ = {
			isa = PBXGroup;
			children = (
				3A009C432A5D325200ACC7C9 /* test_graph.xml */,
				3A91C5E62A5BF421009D6D93 /* FractalianGrapshNavigatorTests.swift */,
				3A009C452A5D38BF00ACC7C9 /* FractalianGrapshNavigator.xctestplan */,
			);
			path = FractalianGrapshNavigatorTests;
			sourceTree = "<group>";
		};
		3A9C7BE92A66635800741C73 /* Views */ = {
			isa = PBXGroup;
			children = (
				3A4022172A61B7B40073329E /* EdgesView.swift */,
				3A9C7BE12A6662CB00741C73 /* ControlPanelView.swift */,
				3A9C7BE32A6662E200741C73 /* NodeView.swift */,
				3A9C7BE52A66631600741C73 /* NodeGroupView.swift */,
				3A9C7BE72A66632E00741C73 /* ColumnGraphStackView.swift */,
			);
			path = Views;
			sourceTree = "<group>";
		};
		3A9C7BEA2A66637900741C73 /* Resources */ = {
			isa = PBXGroup;
			children = (
				3A91C5DA2A5BF420009D6D93 /* FractalianGrapshNavigator.entitlements */,
				3A91C5DB2A5BF420009D6D93 /* Preview Content */,
				3A91C5D82A5BF420009D6D93 /* Assets.xcassets */,
			);
			path = Resources;
			sourceTree = "<group>";
		};
		3A9C7BEB2A66639000741C73 /* Graphs */ = {
			isa = PBXGroup;
			children = (
				3A2CD3512A5C83AB00D0F2F8 /* graph_max.xml */,
				3A91C6062A5BF64F009D6D93 /* graph.xml */,
			);
			path = Graphs;
			sourceTree = "<group>";
		};
/* End PBXGroup section */

/* Begin PBXNativeTarget section */
		3A91C5D02A5BF41E009D6D93 /* FractalianGrapshNavigator */ = {
			isa = PBXNativeTarget;
			buildConfigurationList = 3A91C5F62A5BF421009D6D93 /* Build configuration list for PBXNativeTarget "FractalianGrapshNavigator" */;
			buildPhases = (
				3A91C5CD2A5BF41E009D6D93 /* Sources */,
				3A91C5CE2A5BF41E009D6D93 /* Frameworks */,
				3A91C5CF2A5BF41E009D6D93 /* Resources */,
			);
			buildRules = (
			);
			dependencies = (
			);
			name = FractalianGrapshNavigator;
			packageProductDependencies = (
				3A91C6042A5BF535009D6D93 /* SWXMLHash */,
			);
			productName = FractalianGrapshNavigator;
			productReference = 3A91C5D12A5BF41E009D6D93 /* FractalianGrapshNavigator.app */;
			productType = "com.apple.product-type.application";
		};
		3A91C5E12A5BF421009D6D93 /* FractalianGrapshNavigatorTests */ = {
			isa = PBXNativeTarget;
			buildConfigurationList = 3A91C5F92A5BF421009D6D93 /* Build configuration list for PBXNativeTarget "FractalianGrapshNavigatorTests" */;
			buildPhases = (
				3A91C5DE2A5BF421009D6D93 /* Sources */,
				3A91C5DF2A5BF421009D6D93 /* Frameworks */,
				3A91C5E02A5BF421009D6D93 /* Resources */,
			);
			buildRules = (
			);
			dependencies = (
				3A91C5E42A5BF421009D6D93 /* PBXTargetDependency */,
			);
			name = FractalianGrapshNavigatorTests;
			productName = FractalianGrapshNavigatorTests;
			productReference = 3A91C5E22A5BF421009D6D93 /* FractalianGrapshNavigatorTests.xctest */;
			productType = "com.apple.product-type.bundle.unit-test";
		};
		3A91C5EB2A5BF421009D6D93 /* FractalianGrapshNavigatorUITests */ = {
			isa = PBXNativeTarget;
			buildConfigurationList = 3A91C5FC2A5BF421009D6D93 /* Build configuration list for PBXNativeTarget "FractalianGrapshNavigatorUITests" */;
			buildPhases = (
				3A91C5E82A5BF421009D6D93 /* Sources */,
				3A91C5E92A5BF421009D6D93 /* Frameworks */,
				3A91C5EA2A5BF421009D6D93 /* Resources */,
			);
			buildRules = (
			);
			dependencies = (
				3A91C5EE2A5BF421009D6D93 /* PBXTargetDependency */,
			);
			name = FractalianGrapshNavigatorUITests;
			productName = FractalianGrapshNavigatorUITests;
			productReference = 3A91C5EC2A5BF421009D6D93 /* FractalianGrapshNavigatorUITests.xctest */;
			productType = "com.apple.product-type.bundle.ui-testing";
		};
/* End PBXNativeTarget section */

/* Begin PBXProject section */
		3A91C5C92A5BF41E009D6D93 /* Project object */ = {
			isa = PBXProject;
			attributes = {
				BuildIndependentTargetsInParallel = 1;
				LastSwiftUpdateCheck = 1430;
				LastUpgradeCheck = 1430;
				TargetAttributes = {
					3A91C5D02A5BF41E009D6D93 = {
						CreatedOnToolsVersion = 14.3.1;
					};
					3A91C5E12A5BF421009D6D93 = {
						CreatedOnToolsVersion = 14.3.1;
						TestTargetID = 3A91C5D02A5BF41E009D6D93;
					};
					3A91C5EB2A5BF421009D6D93 = {
						CreatedOnToolsVersion = 14.3.1;
						TestTargetID = 3A91C5D02A5BF41E009D6D93;
					};
				};
			};
			buildConfigurationList = 3A91C5CC2A5BF41E009D6D93 /* Build configuration list for PBXProject "FractalianGrapshNavigator" */;
			compatibilityVersion = "Xcode 14.0";
			developmentRegion = en;
			hasScannedForEncodings = 0;
			knownRegions = (
				en,
				Base,
			);
			mainGroup = 3A91C5C82A5BF41E009D6D93;
			packageReferences = (
				3A91C6032A5BF535009D6D93 /* XCRemoteSwiftPackageReference "SWXMLHash" */,
			);
			productRefGroup = 3A91C5D22A5BF41E009D6D93 /* Products */;
			projectDirPath = "";
			projectRoot = "";
			targets = (
				3A91C5D02A5BF41E009D6D93 /* FractalianGrapshNavigator */,
				3A91C5E12A5BF421009D6D93 /* FractalianGrapshNavigatorTests */,
				3A91C5EB2A5BF421009D6D93 /* FractalianGrapshNavigatorUITests */,
			);
		};
/* End PBXProject section */

/* Begin PBXResourcesBuildPhase section */
		3A91C5CF2A5BF41E009D6D93 /* Resources */ = {
			isa = PBXResourcesBuildPhase;
			buildActionMask = 2147483647;
			files = (
				3A91C6072A5BF64F009D6D93 /* graph.xml in Resources */,
				3A91C5DD2A5BF420009D6D93 /* Preview Assets.xcassets in Resources */,
				3A91C5D92A5BF420009D6D93 /* Assets.xcassets in Resources */,
				3A2CD3522A5C83AB00D0F2F8 /* graph_max.xml in Resources */,
			);
			runOnlyForDeploymentPostprocessing = 0;
		};
		3A91C5E02A5BF421009D6D93 /* Resources */ = {
			isa = PBXResourcesBuildPhase;
			buildActionMask = 2147483647;
			files = (
			);
			runOnlyForDeploymentPostprocessing = 0;
		};
		3A91C5EA2A5BF421009D6D93 /* Resources */ = {
			isa = PBXResourcesBuildPhase;
			buildActionMask = 2147483647;
			files = (
			);
			runOnlyForDeploymentPostprocessing = 0;
		};
/* End PBXResourcesBuildPhase section */

/* Begin PBXSourcesBuildPhase section */
		3A91C5CD2A5BF41E009D6D93 /* Sources */ = {
			isa = PBXSourcesBuildPhase;
			buildActionMask = 2147483647;
			files = (
				3A00B3D22A65B9FD00F1CA44 /* GraphGenerationService.swift in Sources */,
				3AF17AE12A6B029F0057161E /* GraphMapper.swift in Sources */,
				3AFD330B2A648B9A001C1E3C /* Extensions.swift in Sources */,
				3A91C5D52A5BF41E009D6D93 /* FractalianGrapshNavigatorApp.swift in Sources */,
				3A9C7BE42A6662E200741C73 /* NodeView.swift in Sources */,
				3AF17AE32A6B05260057161E /* GraphError.swift in Sources */,
				3A4022182A61B7B40073329E /* EdgesView.swift in Sources */,
				3A9C7BE62A66631600741C73 /* NodeGroupView.swift in Sources */,
				3AEDB1112A6B32B700F638CD /* ZoomableContainer.swift in Sources */,
				3A9C7BE82A66632E00741C73 /* ColumnGraphStackView.swift in Sources */,
				3AF17ADF2A6B02220057161E /* GraphFileService.swift in Sources */,
				3A9C7BE22A6662CB00741C73 /* ControlPanelView.swift in Sources */,
				3AFD330D2A648BCB001C1E3C /* GraphModels.swift in Sources */,
				3A91C6022A5BF468009D6D93 /* GraphView.swift in Sources */,
			);
			runOnlyForDeploymentPostprocessing = 0;
		};
		3A91C5DE2A5BF421009D6D93 /* Sources */ = {
			isa = PBXSourcesBuildPhase;
			buildActionMask = 2147483647;
			files = (
				3A91C5E72A5BF421009D6D93 /* FractalianGrapshNavigatorTests.swift in Sources */,
			);
			runOnlyForDeploymentPostprocessing = 0;
		};
		3A91C5E82A5BF421009D6D93 /* Sources */ = {
			isa = PBXSourcesBuildPhase;
			buildActionMask = 2147483647;
			files = (
			);
			runOnlyForDeploymentPostprocessing = 0;
		};
/* End PBXSourcesBuildPhase section */

/* Begin PBXTargetDependency section */
		3A91C5E42A5BF421009D6D93 /* PBXTargetDependency */ = {
			isa = PBXTargetDependency;
			target = 3A91C5D02A5BF41E009D6D93 /* FractalianGrapshNavigator */;
			targetProxy = 3A91C5E32A5BF421009D6D93 /* PBXContainerItemProxy */;
		};
		3A91C5EE2A5BF421009D6D93 /* PBXTargetDependency */ = {
			isa = PBXTargetDependency;
			target = 3A91C5D02A5BF41E009D6D93 /* FractalianGrapshNavigator */;
			targetProxy = 3A91C5ED2A5BF421009D6D93 /* PBXContainerItemProxy */;
		};
/* End PBXTargetDependency section */

/* Begin XCBuildConfiguration section */
		3A91C5F42A5BF421009D6D93 /* Debug */ = {
			isa = XCBuildConfiguration;
			buildSettings = {
				ALWAYS_SEARCH_USER_PATHS = NO;
				CLANG_ANALYZER_NONNULL = YES;
				CLANG_ANALYZER_NUMBER_OBJECT_CONVERSION = YES_AGGRESSIVE;
				CLANG_CXX_LANGUAGE_STANDARD = "gnu++20";
				CLANG_ENABLE_MODULES = YES;
				CLANG_ENABLE_OBJC_ARC = YES;
				CLANG_ENABLE_OBJC_WEAK = YES;
				CLANG_WARN_BLOCK_CAPTURE_AUTORELEASING = YES;
				CLANG_WARN_BOOL_CONVERSION = YES;
				CLANG_WARN_COMMA = YES;
				CLANG_WARN_CONSTANT_CONVERSION = YES;
				CLANG_WARN_DEPRECATED_OBJC_IMPLEMENTATIONS = YES;
				CLANG_WARN_DIRECT_OBJC_ISA_USAGE = YES_ERROR;
				CLANG_WARN_DOCUMENTATION_COMMENTS = YES;
				CLANG_WARN_EMPTY_BODY = YES;
				CLANG_WARN_ENUM_CONVERSION = YES;
				CLANG_WARN_INFINITE_RECURSION = YES;
				CLANG_WARN_INT_CONVERSION = YES;
				CLANG_WARN_NON_LITERAL_NULL_CONVERSION = YES;
				CLANG_WARN_OBJC_IMPLICIT_RETAIN_SELF = YES;
				CLANG_WARN_OBJC_LITERAL_CONVERSION = YES;
				CLANG_WARN_OBJC_ROOT_CLASS = YES_ERROR;
				CLANG_WARN_QUOTED_INCLUDE_IN_FRAMEWORK_HEADER = YES;
				CLANG_WARN_RANGE_LOOP_ANALYSIS = YES;
				CLANG_WARN_STRICT_PROTOTYPES = YES;
				CLANG_WARN_SUSPICIOUS_MOVE = YES;
				CLANG_WARN_UNGUARDED_AVAILABILITY = YES_AGGRESSIVE;
				CLANG_WARN_UNREACHABLE_CODE = YES;
				CLANG_WARN__DUPLICATE_METHOD_MATCH = YES;
				COPY_PHASE_STRIP = NO;
				DEBUG_INFORMATION_FORMAT = dwarf;
				ENABLE_STRICT_OBJC_MSGSEND = YES;
				ENABLE_TESTABILITY = YES;
				GCC_C_LANGUAGE_STANDARD = gnu11;
				GCC_DYNAMIC_NO_PIC = NO;
				GCC_NO_COMMON_BLOCKS = YES;
				GCC_OPTIMIZATION_LEVEL = 0;
				GCC_PREPROCESSOR_DEFINITIONS = (
					"DEBUG=1",
					"$(inherited)",
				);
				GCC_WARN_64_TO_32_BIT_CONVERSION = YES;
				GCC_WARN_ABOUT_RETURN_TYPE = YES_ERROR;
				GCC_WARN_UNDECLARED_SELECTOR = YES;
				GCC_WARN_UNINITIALIZED_AUTOS = YES_AGGRESSIVE;
				GCC_WARN_UNUSED_FUNCTION = YES;
				GCC_WARN_UNUSED_VARIABLE = YES;
				MTL_ENABLE_DEBUG_INFO = INCLUDE_SOURCE;
				MTL_FAST_MATH = YES;
				ONLY_ACTIVE_ARCH = YES;
				SWIFT_ACTIVE_COMPILATION_CONDITIONS = DEBUG;
				SWIFT_OPTIMIZATION_LEVEL = "-Onone";
			};
			name = Debug;
		};
		3A91C5F52A5BF421009D6D93 /* Release */ = {
			isa = XCBuildConfiguration;
			buildSettings = {
				ALWAYS_SEARCH_USER_PATHS = NO;
				CLANG_ANALYZER_NONNULL = YES;
				CLANG_ANALYZER_NUMBER_OBJECT_CONVERSION = YES_AGGRESSIVE;
				CLANG_CXX_LANGUAGE_STANDARD = "gnu++20";
				CLANG_ENABLE_MODULES = YES;
				CLANG_ENABLE_OBJC_ARC = YES;
				CLANG_ENABLE_OBJC_WEAK = YES;
				CLANG_WARN_BLOCK_CAPTURE_AUTORELEASING = YES;
				CLANG_WARN_BOOL_CONVERSION = YES;
				CLANG_WARN_COMMA = YES;
				CLANG_WARN_CONSTANT_CONVERSION = YES;
				CLANG_WARN_DEPRECATED_OBJC_IMPLEMENTATIONS = YES;
				CLANG_WARN_DIRECT_OBJC_ISA_USAGE = YES_ERROR;
				CLANG_WARN_DOCUMENTATION_COMMENTS = YES;
				CLANG_WARN_EMPTY_BODY = YES;
				CLANG_WARN_ENUM_CONVERSION = YES;
				CLANG_WARN_INFINITE_RECURSION = YES;
				CLANG_WARN_INT_CONVERSION = YES;
				CLANG_WARN_NON_LITERAL_NULL_CONVERSION = YES;
				CLANG_WARN_OBJC_IMPLICIT_RETAIN_SELF = YES;
				CLANG_WARN_OBJC_LITERAL_CONVERSION = YES;
				CLANG_WARN_OBJC_ROOT_CLASS = YES_ERROR;
				CLANG_WARN_QUOTED_INCLUDE_IN_FRAMEWORK_HEADER = YES;
				CLANG_WARN_RANGE_LOOP_ANALYSIS = YES;
				CLANG_WARN_STRICT_PROTOTYPES = YES;
				CLANG_WARN_SUSPICIOUS_MOVE = YES;
				CLANG_WARN_UNGUARDED_AVAILABILITY = YES_AGGRESSIVE;
				CLANG_WARN_UNREACHABLE_CODE = YES;
				CLANG_WARN__DUPLICATE_METHOD_MATCH = YES;
				COPY_PHASE_STRIP = NO;
				DEBUG_INFORMATION_FORMAT = "dwarf-with-dsym";
				ENABLE_NS_ASSERTIONS = NO;
				ENABLE_STRICT_OBJC_MSGSEND = YES;
				GCC_C_LANGUAGE_STANDARD = gnu11;
				GCC_NO_COMMON_BLOCKS = YES;
				GCC_WARN_64_TO_32_BIT_CONVERSION = YES;
				GCC_WARN_ABOUT_RETURN_TYPE = YES_ERROR;
				GCC_WARN_UNDECLARED_SELECTOR = YES;
				GCC_WARN_UNINITIALIZED_AUTOS = YES_AGGRESSIVE;
				GCC_WARN_UNUSED_FUNCTION = YES;
				GCC_WARN_UNUSED_VARIABLE = YES;
				MTL_ENABLE_DEBUG_INFO = NO;
				MTL_FAST_MATH = YES;
				SWIFT_COMPILATION_MODE = wholemodule;
				SWIFT_OPTIMIZATION_LEVEL = "-O";
			};
			name = Release;
		};
		3A91C5F72A5BF421009D6D93 /* Debug */ = {
			isa = XCBuildConfiguration;
			buildSettings = {
				ASSETCATALOG_COMPILER_APPICON_NAME = AppIcon;
				ASSETCATALOG_COMPILER_GLOBAL_ACCENT_COLOR_NAME = AccentColor;
				CODE_SIGN_ENTITLEMENTS = FractalianGrapshNavigator/Resources/FractalianGrapshNavigator.entitlements;
				CODE_SIGN_STYLE = Automatic;
				CURRENT_PROJECT_VERSION = 1;
				DEVELOPMENT_ASSET_PATHS = "\"FractalianGrapshNavigator/Resources/Preview Content\"";
				DEVELOPMENT_TEAM = UHULAJL778;
				ENABLE_HARDENED_RUNTIME = YES;
				ENABLE_PREVIEWS = YES;
				GENERATE_INFOPLIST_FILE = YES;
				"INFOPLIST_KEY_UIApplicationSceneManifest_Generation[sdk=iphoneos*]" = YES;
				"INFOPLIST_KEY_UIApplicationSceneManifest_Generation[sdk=iphonesimulator*]" = YES;
				"INFOPLIST_KEY_UIApplicationSupportsIndirectInputEvents[sdk=iphoneos*]" = YES;
				"INFOPLIST_KEY_UIApplicationSupportsIndirectInputEvents[sdk=iphonesimulator*]" = YES;
				"INFOPLIST_KEY_UILaunchScreen_Generation[sdk=iphoneos*]" = YES;
				"INFOPLIST_KEY_UILaunchScreen_Generation[sdk=iphonesimulator*]" = YES;
				"INFOPLIST_KEY_UIStatusBarStyle[sdk=iphoneos*]" = UIStatusBarStyleDefault;
				"INFOPLIST_KEY_UIStatusBarStyle[sdk=iphonesimulator*]" = UIStatusBarStyleDefault;
				INFOPLIST_KEY_UISupportedInterfaceOrientations_iPad = "UIInterfaceOrientationPortrait UIInterfaceOrientationPortraitUpsideDown UIInterfaceOrientationLandscapeLeft UIInterfaceOrientationLandscapeRight";
				INFOPLIST_KEY_UISupportedInterfaceOrientations_iPhone = "UIInterfaceOrientationPortrait UIInterfaceOrientationLandscapeLeft UIInterfaceOrientationLandscapeRight";
				IPHONEOS_DEPLOYMENT_TARGET = 16.4;
				LD_RUNPATH_SEARCH_PATHS = "@executable_path/Frameworks";
				"LD_RUNPATH_SEARCH_PATHS[sdk=macosx*]" = "@executable_path/../Frameworks";
				MACOSX_DEPLOYMENT_TARGET = 13.3;
				MARKETING_VERSION = 1.0;
				PRODUCT_BUNDLE_IDENTIFIER = io.adrimi.testing.FractalianGrapshNavigator;
				PRODUCT_NAME = "$(TARGET_NAME)";
				SDKROOT = auto;
				SUPPORTED_PLATFORMS = "iphoneos iphonesimulator macosx";
				SWIFT_EMIT_LOC_STRINGS = YES;
				SWIFT_VERSION = 5.0;
				TARGETED_DEVICE_FAMILY = "1,2";
			};
			name = Debug;
		};
		3A91C5F82A5BF421009D6D93 /* Release */ = {
			isa = XCBuildConfiguration;
			buildSettings = {
				ASSETCATALOG_COMPILER_APPICON_NAME = AppIcon;
				ASSETCATALOG_COMPILER_GLOBAL_ACCENT_COLOR_NAME = AccentColor;
				CODE_SIGN_ENTITLEMENTS = FractalianGrapshNavigator/Resources/FractalianGrapshNavigator.entitlements;
				CODE_SIGN_STYLE = Automatic;
				CURRENT_PROJECT_VERSION = 1;
				DEVELOPMENT_ASSET_PATHS = "\"FractalianGrapshNavigator/Resources/Preview Content\"";
				DEVELOPMENT_TEAM = UHULAJL778;
				ENABLE_HARDENED_RUNTIME = YES;
				ENABLE_PREVIEWS = YES;
				GENERATE_INFOPLIST_FILE = YES;
				"INFOPLIST_KEY_UIApplicationSceneManifest_Generation[sdk=iphoneos*]" = YES;
				"INFOPLIST_KEY_UIApplicationSceneManifest_Generation[sdk=iphonesimulator*]" = YES;
				"INFOPLIST_KEY_UIApplicationSupportsIndirectInputEvents[sdk=iphoneos*]" = YES;
				"INFOPLIST_KEY_UIApplicationSupportsIndirectInputEvents[sdk=iphonesimulator*]" = YES;
				"INFOPLIST_KEY_UILaunchScreen_Generation[sdk=iphoneos*]" = YES;
				"INFOPLIST_KEY_UILaunchScreen_Generation[sdk=iphonesimulator*]" = YES;
				"INFOPLIST_KEY_UIStatusBarStyle[sdk=iphoneos*]" = UIStatusBarStyleDefault;
				"INFOPLIST_KEY_UIStatusBarStyle[sdk=iphonesimulator*]" = UIStatusBarStyleDefault;
				INFOPLIST_KEY_UISupportedInterfaceOrientations_iPad = "UIInterfaceOrientationPortrait UIInterfaceOrientationPortraitUpsideDown UIInterfaceOrientationLandscapeLeft UIInterfaceOrientationLandscapeRight";
				INFOPLIST_KEY_UISupportedInterfaceOrientations_iPhone = "UIInterfaceOrientationPortrait UIInterfaceOrientationLandscapeLeft UIInterfaceOrientationLandscapeRight";
				IPHONEOS_DEPLOYMENT_TARGET = 16.4;
				LD_RUNPATH_SEARCH_PATHS = "@executable_path/Frameworks";
				"LD_RUNPATH_SEARCH_PATHS[sdk=macosx*]" = "@executable_path/../Frameworks";
				MACOSX_DEPLOYMENT_TARGET = 13.3;
				MARKETING_VERSION = 1.0;
				PRODUCT_BUNDLE_IDENTIFIER = io.adrimi.testing.FractalianGrapshNavigator;
				PRODUCT_NAME = "$(TARGET_NAME)";
				SDKROOT = auto;
				SUPPORTED_PLATFORMS = "iphoneos iphonesimulator macosx";
				SWIFT_EMIT_LOC_STRINGS = YES;
				SWIFT_VERSION = 5.0;
				TARGETED_DEVICE_FAMILY = "1,2";
			};
			name = Release;
		};
		3A91C5FA2A5BF421009D6D93 /* Debug */ = {
			isa = XCBuildConfiguration;
			buildSettings = {
				ALWAYS_EMBED_SWIFT_STANDARD_LIBRARIES = YES;
				BUNDLE_LOADER = "$(TEST_HOST)";
				CODE_SIGN_STYLE = Automatic;
				CURRENT_PROJECT_VERSION = 1;
				DEVELOPMENT_TEAM = UHULAJL778;
				GENERATE_INFOPLIST_FILE = YES;
				IPHONEOS_DEPLOYMENT_TARGET = 16.4;
				MACOSX_DEPLOYMENT_TARGET = 13.3;
				MARKETING_VERSION = 1.0;
				PRODUCT_BUNDLE_IDENTIFIER = io.adrimi.testing.FractalianGrapshNavigatorTests;
				PRODUCT_NAME = "$(TARGET_NAME)";
				SDKROOT = auto;
				SUPPORTED_PLATFORMS = "iphoneos iphonesimulator macosx";
				SWIFT_EMIT_LOC_STRINGS = NO;
				SWIFT_VERSION = 5.0;
				TARGETED_DEVICE_FAMILY = "1,2";
				TEST_HOST = "$(BUILT_PRODUCTS_DIR)/FractalianGrapshNavigator.app/$(BUNDLE_EXECUTABLE_FOLDER_PATH)/FractalianGrapshNavigator";
			};
			name = Debug;
		};
		3A91C5FB2A5BF421009D6D93 /* Release */ = {
			isa = XCBuildConfiguration;
			buildSettings = {
				ALWAYS_EMBED_SWIFT_STANDARD_LIBRARIES = YES;
				BUNDLE_LOADER = "$(TEST_HOST)";
				CODE_SIGN_STYLE = Automatic;
				CURRENT_PROJECT_VERSION = 1;
				DEVELOPMENT_TEAM = UHULAJL778;
				GENERATE_INFOPLIST_FILE = YES;
				IPHONEOS_DEPLOYMENT_TARGET = 16.4;
				MACOSX_DEPLOYMENT_TARGET = 13.3;
				MARKETING_VERSION = 1.0;
				PRODUCT_BUNDLE_IDENTIFIER = io.adrimi.testing.FractalianGrapshNavigatorTests;
				PRODUCT_NAME = "$(TARGET_NAME)";
				SDKROOT = auto;
				SUPPORTED_PLATFORMS = "iphoneos iphonesimulator macosx";
				SWIFT_EMIT_LOC_STRINGS = NO;
				SWIFT_VERSION = 5.0;
				TARGETED_DEVICE_FAMILY = "1,2";
				TEST_HOST = "$(BUILT_PRODUCTS_DIR)/FractalianGrapshNavigator.app/$(BUNDLE_EXECUTABLE_FOLDER_PATH)/FractalianGrapshNavigator";
			};
			name = Release;
		};
		3A91C5FD2A5BF421009D6D93 /* Debug */ = {
			isa = XCBuildConfiguration;
			buildSettings = {
				ALWAYS_EMBED_SWIFT_STANDARD_LIBRARIES = YES;
				CODE_SIGN_STYLE = Automatic;
				CURRENT_PROJECT_VERSION = 1;
				DEVELOPMENT_TEAM = UHULAJL778;
				GENERATE_INFOPLIST_FILE = YES;
				IPHONEOS_DEPLOYMENT_TARGET = 16.4;
				MACOSX_DEPLOYMENT_TARGET = 13.3;
				MARKETING_VERSION = 1.0;
				PRODUCT_BUNDLE_IDENTIFIER = io.adrimi.testing.FractalianGrapshNavigatorUITests;
				PRODUCT_NAME = "$(TARGET_NAME)";
				SDKROOT = auto;
				SUPPORTED_PLATFORMS = "iphoneos iphonesimulator macosx";
				SWIFT_EMIT_LOC_STRINGS = NO;
				SWIFT_VERSION = 5.0;
				TARGETED_DEVICE_FAMILY = "1,2";
				TEST_TARGET_NAME = FractalianGrapshNavigator;
			};
			name = Debug;
		};
		3A91C5FE2A5BF421009D6D93 /* Release */ = {
			isa = XCBuildConfiguration;
			buildSettings = {
				ALWAYS_EMBED_SWIFT_STANDARD_LIBRARIES = YES;
				CODE_SIGN_STYLE = Automatic;
				CURRENT_PROJECT_VERSION = 1;
				DEVELOPMENT_TEAM = UHULAJL778;
				GENERATE_INFOPLIST_FILE = YES;
				IPHONEOS_DEPLOYMENT_TARGET = 16.4;
				MACOSX_DEPLOYMENT_TARGET = 13.3;
				MARKETING_VERSION = 1.0;
				PRODUCT_BUNDLE_IDENTIFIER = io.adrimi.testing.FractalianGrapshNavigatorUITests;
				PRODUCT_NAME = "$(TARGET_NAME)";
				SDKROOT = auto;
				SUPPORTED_PLATFORMS = "iphoneos iphonesimulator macosx";
				SWIFT_EMIT_LOC_STRINGS = NO;
				SWIFT_VERSION = 5.0;
				TARGETED_DEVICE_FAMILY = "1,2";
				TEST_TARGET_NAME = FractalianGrapshNavigator;
			};
			name = Release;
		};
/* End XCBuildConfiguration section */

/* Begin XCConfigurationList section */
		3A91C5CC2A5BF41E009D6D93 /* Build configuration list for PBXProject "FractalianGrapshNavigator" */ = {
			isa = XCConfigurationList;
			buildConfigurations = (
				3A91C5F42A5BF421009D6D93 /* Debug */,
				3A91C5F52A5BF421009D6D93 /* Release */,
			);
			defaultConfigurationIsVisible = 0;
			defaultConfigurationName = Release;
		};
		3A91C5F62A5BF421009D6D93 /* Build configuration list for PBXNativeTarget "FractalianGrapshNavigator" */ = {
			isa = XCConfigurationList;
			buildConfigurations = (
				3A91C5F72A5BF421009D6D93 /* Debug */,
				3A91C5F82A5BF421009D6D93 /* Release */,
			);
			defaultConfigurationIsVisible = 0;
			defaultConfigurationName = Release;
		};
		3A91C5F92A5BF421009D6D93 /* Build configuration list for PBXNativeTarget "FractalianGrapshNavigatorTests" */ = {
			isa = XCConfigurationList;
			buildConfigurations = (
				3A91C5FA2A5BF421009D6D93 /* Debug */,
				3A91C5FB2A5BF421009D6D93 /* Release */,
			);
			defaultConfigurationIsVisible = 0;
			defaultConfigurationName = Release;
		};
		3A91C5FC2A5BF421009D6D93 /* Build configuration list for PBXNativeTarget "FractalianGrapshNavigatorUITests" */ = {
			isa = XCConfigurationList;
			buildConfigurations = (
				3A91C5FD2A5BF421009D6D93 /* Debug */,
				3A91C5FE2A5BF421009D6D93 /* Release */,
			);
			defaultConfigurationIsVisible = 0;
			defaultConfigurationName = Release;
		};
/* End XCConfigurationList section */

/* Begin XCRemoteSwiftPackageReference section */
		3A91C6032A5BF535009D6D93 /* XCRemoteSwiftPackageReference "SWXMLHash" */ = {
			isa = XCRemoteSwiftPackageReference;
			repositoryURL = "https://github.com/drmohundro/SWXMLHash.git";
			requirement = {
				kind = upToNextMajorVersion;
				minimumVersion = 7.0.0;
			};
		};
/* End XCRemoteSwiftPackageReference section */

/* Begin XCSwiftPackageProductDependency section */
		3A91C6042A5BF535009D6D93 /* SWXMLHash */ = {
			isa = XCSwiftPackageProductDependency;
			package = 3A91C6032A5BF535009D6D93 /* XCRemoteSwiftPackageReference "SWXMLHash" */;
			productName = SWXMLHash;
		};
/* End XCSwiftPackageProductDependency section */
	};
	rootObject = 3A91C5C92A5BF41E009D6D93 /* Project object */;
}
